PODS:
  - AFNetworking (3.2.1):
    - AFNetworking/NSURLSession (= 3.2.1)
    - AFNetworking/Reachability (= 3.2.1)
    - AFNetworking/Security (= 3.2.1)
    - AFNetworking/Serialization (= 3.2.1)
    - AFNetworking/UIKit (= 3.2.1)
  - AFNetworking/NSURLSession (3.2.1):
    - AFNetworking/Reachability
    - AFNetworking/Security
    - AFNetworking/Serialization
  - AFNetworking/Reachability (3.2.1)
  - AFNetworking/Security (3.2.1)
  - AFNetworking/Serialization (3.2.1)
  - AFNetworking/UIKit (3.2.1):
    - AFNetworking/NSURLSession
  - BlocksKit (2.2.5):
    - BlocksKit/All (= 2.2.5)
  - BlocksKit/All (2.2.5):
    - BlocksKit/Core
    - BlocksKit/DynamicDelegate
    - BlocksKit/MessageUI
    - BlocksKit/UIKit
  - BlocksKit/Core (2.2.5)
  - BlocksKit/DynamicDelegate (2.2.5)
  - BlocksKit/MessageUI (2.2.5):
    - BlocksKit/Core
    - BlocksKit/DynamicDelegate
  - BlocksKit/UIKit (2.2.5):
    - BlocksKit/Core
    - BlocksKit/DynamicDelegate
  - FMDB (2.7.5):
    - FMDB/standard (= 2.7.5)
  - FMDB/standard (2.7.5)
  - iCarousel (1.8.3)
  - IQKeyboardManager (6.2.0)
  - JQFMDB (1.1.6):
    - FMDB
  - Masonry (1.0.2)
  - MBProgressHUD (1.1.0)
  - MJExtension (3.0.15.1)
  - QMUIKit (1.7.6)
  - ReactiveObjC (2.1.2)
  - YYKit (1.0.9):
    - YYKit/no-arc (= 1.0.9)
  - YYKit/no-arc (1.0.9)

DEPENDENCIES:
  - AFNetworking
  - BlocksKit (~> 2.2.5)
  - iCarousel (~> 1.8.3)
  - IQKeyboardManager
  - JQFMDB
  - Masonry (~> 1.0.2)
  - MBProgressHUD (~> 1.1.0)
  - MJExtension (~> 3.0.13)
  - QMUIKit (~> 1.7.6)
  - ReactiveObjC (~> 2.1.2)
  - YYKit (~> 1.0.9)

SPEC REPOS:
  https://github.com/cocoapods/specs.git:
    - AFNetworking
    - BlocksKit
    - FMDB
    - iCarousel
    - IQKeyboardManager
    - JQFMDB
    - Masonry
    - MBProgressHUD
    - MJExtension
    - QMUIKit
    - ReactiveObjC
    - YYKit

SPEC CHECKSUMS:
  AFNetworking: b6f891fdfaed196b46c7a83cf209e09697b94057
  BlocksKit: 7f422b971407001178d181a43b99014ea2591fe6
  FMDB: 2ce00b547f966261cd18927a3ddb07cb6f3db82a
  iCarousel: d782f635afac190c49bb8ee455882284cff8b85f
  IQKeyboardManager: 6194101620b73af5e67900b8f89707a99de0b804
  JQFMDB: 39ab0d6d7c26fd30e51c4dd92edcb27506a34c3a
  Masonry: 7c429b56da9d4ee0bbb3ed77a5ea710d6a5df39e
  MBProgressHUD: e7baa36a220447d8aeb12769bf0585582f3866d9
  MJExtension: 19bc33ce2eee2d319760f5622562cf581a6ff756
  QMUIKit: f3eac3811073962da4dbcf6173aeef8f34e91c1c
  ReactiveObjC: 7b6782ae39f9ac0f57205c3b0c0b69b9dd7048c0
  YYKit: 7cda43304a8dc3696c449041e2cb3107b4e236e7

PODFILE CHECKSUM: c5b235c301f97b66059c063f9ee4d12b3796d9c8

COCOAPODS: 1.5.3
