// !$*UTF8*$!
{
	archiveVersion = 1;
	classes = {
	};
	objectVersion = 48;
	objects = {

/* Begin PBXBuildFile section */
		0BDABF6A612FC4643E071107 /* libPods-yezjk.a in Frameworks */ = {isa = PBXBuildFile; fileRef = FC2143B70C1408456A365ECC /* libPods-yezjk.a */; };
		7925B766216DF80C009E6531 /* LUCKAddPicViewController.m in Sources */ = {isa = PBXBuildFile; fileRef = 7925B765216DF80C009E6531 /* LUCKAddPicViewController.m */; };
		7949630620D8E7F200F90B21 /* PicPageViewController.m in Sources */ = {isa = PBXBuildFile; fileRef = 7949630520D8E7F200F90B21 /* PicPageViewController.m */; };
		7949630920D8E87C00F90B21 /* PicViewController.m in Sources */ = {isa = PBXBuildFile; fileRef = 7949630820D8E87C00F90B21 /* PicViewController.m */; };
		798B9444216F4D23002389F3 /* LUCKTestViewController.m in Sources */ = {isa = PBXBuildFile; fileRef = 798B9443216F4D23002389F3 /* LUCKTestViewController.m */; };
		798B9447216F4D47002389F3 /* LUCKBottomView.m in Sources */ = {isa = PBXBuildFile; fileRef = 798B9446216F4D47002389F3 /* LUCKBottomView.m */; };
		798B944D21704C23002389F3 /* LUCKUserzhengceViewController.m in Sources */ = {isa = PBXBuildFile; fileRef = 798B944C21704C23002389F3 /* LUCKUserzhengceViewController.m */; };
		79D7AEEA20E31D6500528F3E /* .gitignore in Resources */ = {isa = PBXBuildFile; fileRef = 79D7AEE820E31D6400528F3E /* .gitignore */; };
		8406304D21765CBC00208CF4 /* LUCKDBManager.m in Sources */ = {isa = PBXBuildFile; fileRef = 8406304B21765CBC00208CF4 /* LUCKDBManager.m */; };
		840630AB217CB5A400208CF4 /* libGDTMobSDK.a in Frameworks */ = {isa = PBXBuildFile; fileRef = 840630AA217CB5A400208CF4 /* libGDTMobSDK.a */; };
		840630AD217CB70A00208CF4 /* AdSupport.framework in Frameworks */ = {isa = PBXBuildFile; fileRef = 840630AC217CB70900208CF4 /* AdSupport.framework */; };
		840630AF217CB71100208CF4 /* WebKit.framework in Frameworks */ = {isa = PBXBuildFile; fileRef = 840630AE217CB71100208CF4 /* WebKit.framework */; };
		840630B1217CB71F00208CF4 /* libxml2.tbd in Frameworks */ = {isa = PBXBuildFile; fileRef = 840630B0217CB71E00208CF4 /* libxml2.tbd */; };
		840630B3217CB73700208CF4 /* Security.framework in Frameworks */ = {isa = PBXBuildFile; fileRef = 840630B2217CB73700208CF4 /* Security.framework */; };
		840630B5217CB74200208CF4 /* libz.tbd in Frameworks */ = {isa = PBXBuildFile; fileRef = 840630B4217CB74100208CF4 /* libz.tbd */; };
		840E242020E913AA00AF1377 /* LUCKStoryListCell.m in Sources */ = {isa = PBXBuildFile; fileRef = 840E241E20E913AA00AF1377 /* LUCKStoryListCell.m */; };
		840E242120E913AA00AF1377 /* LUCKStoryListCell.xib in Resources */ = {isa = PBXBuildFile; fileRef = 840E241F20E913AA00AF1377 /* LUCKStoryListCell.xib */; };
		840E535920DF9A2E00942AFE /* LUCKStoryModel.m in Sources */ = {isa = PBXBuildFile; fileRef = 840E535820DF9A2E00942AFE /* LUCKStoryModel.m */; };
		840E535F20E0692900942AFE /* bkmu_5.m4a in Resources */ = {isa = PBXBuildFile; fileRef = 840E535A20E0692500942AFE /* bkmu_5.m4a */; };
		840E536020E0692900942AFE /* bkmu_3.m4a in Resources */ = {isa = PBXBuildFile; fileRef = 840E535B20E0692600942AFE /* bkmu_3.m4a */; };
		840E536120E0692900942AFE /* bkmu_2.m4a in Resources */ = {isa = PBXBuildFile; fileRef = 840E535C20E0692700942AFE /* bkmu_2.m4a */; };
		840E536220E0692900942AFE /* bkmu_1.m4a in Resources */ = {isa = PBXBuildFile; fileRef = 840E535D20E0692800942AFE /* bkmu_1.m4a */; };
		840E536320E0692900942AFE /* bkmu_4.m4a in Resources */ = {isa = PBXBuildFile; fileRef = 840E535E20E0692900942AFE /* bkmu_4.m4a */; };
		84CBDE0D217F41D3007A26EA /* libBaiduSpeechSDK.a in Frameworks */ = {isa = PBXBuildFile; fileRef = 84CBDE0C217F41D2007A26EA /* libBaiduSpeechSDK.a */; };
		84CCFCFD20E2594B00563EA6 /* AipBase.framework in Frameworks */ = {isa = PBXBuildFile; fileRef = 84CCFCFA20E2594B00563EA6 /* AipBase.framework */; };
		84CCFCFE20E2594B00563EA6 /* AipOcrSdk.framework in Frameworks */ = {isa = PBXBuildFile; fileRef = 84CCFCFB20E2594B00563EA6 /* AipOcrSdk.framework */; };
		84CCFD0120E2595200563EA6 /* AipBase.framework in Embed Frameworks */ = {isa = PBXBuildFile; fileRef = 84CCFCFA20E2594B00563EA6 /* AipBase.framework */; settings = {ATTRIBUTES = (CodeSignOnCopy, RemoveHeadersOnCopy, ); }; };
		84CCFD0320E2595600563EA6 /* AipOcrSdk.framework in Frameworks */ = {isa = PBXBuildFile; fileRef = 84CCFCFB20E2594B00563EA6 /* AipOcrSdk.framework */; };
		84CCFD0420E2595600563EA6 /* AipOcrSdk.framework in Embed Frameworks */ = {isa = PBXBuildFile; fileRef = 84CCFCFB20E2594B00563EA6 /* AipOcrSdk.framework */; settings = {ATTRIBUTES = (CodeSignOnCopy, RemoveHeadersOnCopy, ); }; };
		84CCFD0520E2595900563EA6 /* IdcardQuality.framework in Frameworks */ = {isa = PBXBuildFile; fileRef = 84CCFCFC20E2594B00563EA6 /* IdcardQuality.framework */; };
		84CCFD0620E2595900563EA6 /* IdcardQuality.framework in Embed Frameworks */ = {isa = PBXBuildFile; fileRef = 84CCFCFC20E2594B00563EA6 /* IdcardQuality.framework */; settings = {ATTRIBUTES = (CodeSignOnCopy, RemoveHeadersOnCopy, ); }; };
		84CCFD4620E2F6DF00563EA6 /* LUCKAddStoryViewController.m in Sources */ = {isa = PBXBuildFile; fileRef = 84CCFD4520E2F6DF00563EA6 /* LUCKAddStoryViewController.m */; };
		84CCFD4920E7077600563EA6 /* LUCKStoryListViewController.m in Sources */ = {isa = PBXBuildFile; fileRef = 84CCFD4820E7077600563EA6 /* LUCKStoryListViewController.m */; };
		84CCFD4E20E8D8AA00563EA6 /* MBProgressHUD+JKDSMB.m in Sources */ = {isa = PBXBuildFile; fileRef = 84CCFD4D20E8D8AA00563EA6 /* MBProgressHUD+JKDSMB.m */; };
		84E280CC20D72F480072A8A4 /* AppDelegate.m in Sources */ = {isa = PBXBuildFile; fileRef = 84E280CB20D72F480072A8A4 /* AppDelegate.m */; };
		84E280CF20D72F480072A8A4 /* ViewController.m in Sources */ = {isa = PBXBuildFile; fileRef = 84E280CE20D72F480072A8A4 /* ViewController.m */; };
		84E280D220D72F480072A8A4 /* Main.storyboard in Resources */ = {isa = PBXBuildFile; fileRef = 84E280D020D72F480072A8A4 /* Main.storyboard */; };
		84E280D420D72F480072A8A4 /* Assets.xcassets in Resources */ = {isa = PBXBuildFile; fileRef = 84E280D320D72F480072A8A4 /* Assets.xcassets */; };
		84E280D720D72F480072A8A4 /* LaunchScreen.storyboard in Resources */ = {isa = PBXBuildFile; fileRef = 84E280D520D72F480072A8A4 /* LaunchScreen.storyboard */; };
		84E280DA20D72F480072A8A4 /* main.m in Sources */ = {isa = PBXBuildFile; fileRef = 84E280D920D72F480072A8A4 /* main.m */; };
		84E280FA20D72FEE0072A8A4 /* .gitIgnore in Resources */ = {isa = PBXBuildFile; fileRef = 84E280E220D72FEE0072A8A4 /* .gitIgnore */; };
		84E2812F20D730040072A8A4 /* bds_easr_basic_model.dat in Resources */ = {isa = PBXBuildFile; fileRef = 84E2810320D730040072A8A4 /* bds_easr_basic_model.dat */; };
		84E2813020D730040072A8A4 /* bds_easr_dnn_wakeup_model.dat in Resources */ = {isa = PBXBuildFile; fileRef = 84E2810420D730040072A8A4 /* bds_easr_dnn_wakeup_model.dat */; };
		84E2813120D730040072A8A4 /* bds_easr_gramm.dat in Resources */ = {isa = PBXBuildFile; fileRef = 84E2810520D730040072A8A4 /* bds_easr_gramm.dat */; };
		84E2813220D730040072A8A4 /* bds_easr_input_model.dat in Resources */ = {isa = PBXBuildFile; fileRef = 84E2810620D730040072A8A4 /* bds_easr_input_model.dat */; };
		84E2813320D730040072A8A4 /* bds_easr_mfe_cmvn.dat in Resources */ = {isa = PBXBuildFile; fileRef = 84E2810720D730040072A8A4 /* bds_easr_mfe_cmvn.dat */; };
		84E2813420D730040072A8A4 /* bds_easr_mfe_dnn.dat in Resources */ = {isa = PBXBuildFile; fileRef = 84E2810820D730040072A8A4 /* bds_easr_mfe_dnn.dat */; };
		84E2813520D730040072A8A4 /* bds_easr_wakeup_words.dat in Resources */ = {isa = PBXBuildFile; fileRef = 84E2810920D730040072A8A4 /* bds_easr_wakeup_words.dat */; };
		84E2813620D730040072A8A4 /* bds_license.dat in Resources */ = {isa = PBXBuildFile; fileRef = 84E2810A20D730040072A8A4 /* bds_license.dat */; };
		84E2813720D730040072A8A4 /* vad.dnn_o.dat in Resources */ = {isa = PBXBuildFile; fileRef = 84E2810B20D730040072A8A4 /* vad.dnn_o.dat */; };
		84E2813820D730040072A8A4 /* vad_dnn_online.dat in Resources */ = {isa = PBXBuildFile; fileRef = 84E2810C20D730040072A8A4 /* vad_dnn_online.dat */; };
		84E2813920D730040072A8A4 /* 3.pcm in Resources */ = {isa = PBXBuildFile; fileRef = 84E2810E20D730040072A8A4 /* 3.pcm */; };
		84E2813A20D730040072A8A4 /* 5.pcm in Resources */ = {isa = PBXBuildFile; fileRef = 84E2810F20D730040072A8A4 /* 5.pcm */; };
		84E2813B20D730040072A8A4 /* darkBlue.bundle in Resources */ = {isa = PBXBuildFile; fileRef = 84E2811120D730040072A8A4 /* darkBlue.bundle */; };
		84E2813C20D730040072A8A4 /* darkGreen.bundle in Resources */ = {isa = PBXBuildFile; fileRef = 84E2811220D730040072A8A4 /* darkGreen.bundle */; };
		84E2813D20D730040072A8A4 /* darkOrange.bundle in Resources */ = {isa = PBXBuildFile; fileRef = 84E2811320D730040072A8A4 /* darkOrange.bundle */; };
		84E2813E20D730040072A8A4 /* darkRed.bundle in Resources */ = {isa = PBXBuildFile; fileRef = 84E2811420D730040072A8A4 /* darkRed.bundle */; };
		84E2813F20D730040072A8A4 /* defaultFullScreenTheme.bundle in Resources */ = {isa = PBXBuildFile; fileRef = 84E2811520D730040072A8A4 /* defaultFullScreenTheme.bundle */; };
		84E2814020D730040072A8A4 /* defaultTheme.bundle in Resources */ = {isa = PBXBuildFile; fileRef = 84E2811620D730040072A8A4 /* defaultTheme.bundle */; };
		84E2814120D730040072A8A4 /* lightBlue.bundle in Resources */ = {isa = PBXBuildFile; fileRef = 84E2811720D730040072A8A4 /* lightBlue.bundle */; };
		84E2814220D730040072A8A4 /* lightGreen.bundle in Resources */ = {isa = PBXBuildFile; fileRef = 84E2811820D730040072A8A4 /* lightGreen.bundle */; };
		84E2814320D730040072A8A4 /* lightOrange.bundle in Resources */ = {isa = PBXBuildFile; fileRef = 84E2811920D730040072A8A4 /* lightOrange.bundle */; };
		84E2814420D730040072A8A4 /* lightRed.bundle in Resources */ = {isa = PBXBuildFile; fileRef = 84E2811A20D730040072A8A4 /* lightRed.bundle */; };
		84E2814520D730040072A8A4 /* record_cancel.caf in Resources */ = {isa = PBXBuildFile; fileRef = 84E2811C20D730040072A8A4 /* record_cancel.caf */; };
		84E2814620D730040072A8A4 /* record_end.caf in Resources */ = {isa = PBXBuildFile; fileRef = 84E2811D20D730040072A8A4 /* record_end.caf */; };
		84E2814720D730040072A8A4 /* record_fail.caf in Resources */ = {isa = PBXBuildFile; fileRef = 84E2811E20D730040072A8A4 /* record_fail.caf */; };
		84E2814820D730040072A8A4 /* record_start.caf in Resources */ = {isa = PBXBuildFile; fileRef = 84E2811F20D730040072A8A4 /* record_start.caf */; };
		84E2814920D730040072A8A4 /* record_success.caf in Resources */ = {isa = PBXBuildFile; fileRef = 84E2812020D730040072A8A4 /* record_success.caf */; };
		84E2814F20D730040072A8A4 /* Chinese_Speech_Female.dat in Resources */ = {isa = PBXBuildFile; fileRef = 84E2812720D730040072A8A4 /* Chinese_Speech_Female.dat */; };
		84E2815020D730040072A8A4 /* Chinese_Speech_Male.dat in Resources */ = {isa = PBXBuildFile; fileRef = 84E2812820D730040072A8A4 /* Chinese_Speech_Male.dat */; };
		84E2815520D730040072A8A4 /* license-ios-etts-BaiduBoxDev.dat in Resources */ = {isa = PBXBuildFile; fileRef = 84E2812D20D730040072A8A4 /* license-ios-etts-BaiduBoxDev.dat */; };
		84E2815620D730040072A8A4 /* tmp_license.dat in Resources */ = {isa = PBXBuildFile; fileRef = 84E2812E20D730040072A8A4 /* tmp_license.dat */; };
		84E2815920D733000072A8A4 /* libsqlite3.0.tbd in Frameworks */ = {isa = PBXBuildFile; fileRef = 84E2815820D732F60072A8A4 /* libsqlite3.0.tbd */; };
		84E2815B20D733090072A8A4 /* libstdc++.6.0.9.tbd in Frameworks */ = {isa = PBXBuildFile; fileRef = 84E2815A20D733090072A8A4 /* libstdc++.6.0.9.tbd */; };
		84E2815D20D733100072A8A4 /* libiconv.2.4.0.tbd in Frameworks */ = {isa = PBXBuildFile; fileRef = 84E2815C20D733100072A8A4 /* libiconv.2.4.0.tbd */; };
		84E2815F20D7331B0072A8A4 /* libc++.tbd in Frameworks */ = {isa = PBXBuildFile; fileRef = 84E2815E20D7331B0072A8A4 /* libc++.tbd */; };
		84E2816120D733240072A8A4 /* libz.1.2.5.tbd in Frameworks */ = {isa = PBXBuildFile; fileRef = 84E2816020D733240072A8A4 /* libz.1.2.5.tbd */; };
		84E2816320D733390072A8A4 /* GLKit.framework in Frameworks */ = {isa = PBXBuildFile; fileRef = 84E2816220D733300072A8A4 /* GLKit.framework */; };
		84E2816A20D735C90072A8A4 /* SystemConfiguration.framework in Frameworks */ = {isa = PBXBuildFile; fileRef = 84E2816420D733420072A8A4 /* SystemConfiguration.framework */; };
		84E2816B20D735D00072A8A4 /* AudioToolbox.framework in Frameworks */ = {isa = PBXBuildFile; fileRef = 84E2816520D7334A0072A8A4 /* AudioToolbox.framework */; };
		84E2816C20D735D70072A8A4 /* AVFoundation.framework in Frameworks */ = {isa = PBXBuildFile; fileRef = 84E2816620D733520072A8A4 /* AVFoundation.framework */; };
		84E2816D20D735DD0072A8A4 /* CFNetwork.framework in Frameworks */ = {isa = PBXBuildFile; fileRef = 84E2816720D733580072A8A4 /* CFNetwork.framework */; };
		84E2816E20D735E20072A8A4 /* CoreLocation.framework in Frameworks */ = {isa = PBXBuildFile; fileRef = 84E2816820D733600072A8A4 /* CoreLocation.framework */; };
		84E2816F20D735E90072A8A4 /* CoreTelephony.framework in Frameworks */ = {isa = PBXBuildFile; fileRef = 84E2816920D733680072A8A4 /* CoreTelephony.framework */; };
		84E2817220D76E260072A8A4 /* PicModel.m in Sources */ = {isa = PBXBuildFile; fileRef = 84E2817120D76E260072A8A4 /* PicModel.m */; };
/* End PBXBuildFile section */

/* Begin PBXCopyFilesBuildPhase section */
		84CCFD0220E2595300563EA6 /* Embed Frameworks */ = {
			isa = PBXCopyFilesBuildPhase;
			buildActionMask = 2147483647;
			dstPath = "";
			dstSubfolderSpec = 10;
			files = (
				84CCFD0120E2595200563EA6 /* AipBase.framework in Embed Frameworks */,
				84CCFD0420E2595600563EA6 /* AipOcrSdk.framework in Embed Frameworks */,
				84CCFD0620E2595900563EA6 /* IdcardQuality.framework in Embed Frameworks */,
			);
			name = "Embed Frameworks";
			runOnlyForDeploymentPostprocessing = 0;
		};
/* End PBXCopyFilesBuildPhase section */

/* Begin PBXFileReference section */
		3853B0E28FA4E0E123D80DF6 /* Pods-yezjk.release.xcconfig */ = {isa = PBXFileReference; includeInIndex = 1; lastKnownFileType = text.xcconfig; name = "Pods-yezjk.release.xcconfig"; path = "Pods/Target Support Files/Pods-yezjk/Pods-yezjk.release.xcconfig"; sourceTree = "<group>"; };
		7925B764216DF80B009E6531 /* LUCKAddPicViewController.h */ = {isa = PBXFileReference; lastKnownFileType = sourcecode.c.h; path = LUCKAddPicViewController.h; sourceTree = "<group>"; };
		7925B765216DF80C009E6531 /* LUCKAddPicViewController.m */ = {isa = PBXFileReference; lastKnownFileType = sourcecode.c.objc; path = LUCKAddPicViewController.m; sourceTree = "<group>"; };
		7949630420D8E7F200F90B21 /* PicPageViewController.h */ = {isa = PBXFileReference; lastKnownFileType = sourcecode.c.h; path = PicPageViewController.h; sourceTree = "<group>"; };
		7949630520D8E7F200F90B21 /* PicPageViewController.m */ = {isa = PBXFileReference; lastKnownFileType = sourcecode.c.objc; path = PicPageViewController.m; sourceTree = "<group>"; };
		7949630720D8E87C00F90B21 /* PicViewController.h */ = {isa = PBXFileReference; lastKnownFileType = sourcecode.c.h; path = PicViewController.h; sourceTree = "<group>"; };
		7949630820D8E87C00F90B21 /* PicViewController.m */ = {isa = PBXFileReference; lastKnownFileType = sourcecode.c.objc; path = PicViewController.m; sourceTree = "<group>"; };
		798B9442216F4D23002389F3 /* LUCKTestViewController.h */ = {isa = PBXFileReference; lastKnownFileType = sourcecode.c.h; path = LUCKTestViewController.h; sourceTree = "<group>"; };
		798B9443216F4D23002389F3 /* LUCKTestViewController.m */ = {isa = PBXFileReference; lastKnownFileType = sourcecode.c.objc; path = LUCKTestViewController.m; sourceTree = "<group>"; };
		798B9445216F4D47002389F3 /* LUCKBottomView.h */ = {isa = PBXFileReference; lastKnownFileType = sourcecode.c.h; path = LUCKBottomView.h; sourceTree = "<group>"; };
		798B9446216F4D47002389F3 /* LUCKBottomView.m */ = {isa = PBXFileReference; lastKnownFileType = sourcecode.c.objc; path = LUCKBottomView.m; sourceTree = "<group>"; };
		798B944A21704580002389F3 /* yezjk.entitlements */ = {isa = PBXFileReference; lastKnownFileType = text.plist.entitlements; path = yezjk.entitlements; sourceTree = "<group>"; };
		798B944B21704C23002389F3 /* LUCKUserzhengceViewController.h */ = {isa = PBXFileReference; lastKnownFileType = sourcecode.c.h; path = LUCKUserzhengceViewController.h; sourceTree = "<group>"; };
		798B944C21704C23002389F3 /* LUCKUserzhengceViewController.m */ = {isa = PBXFileReference; lastKnownFileType = sourcecode.c.objc; path = LUCKUserzhengceViewController.m; sourceTree = "<group>"; };
		79D7AEE820E31D6400528F3E /* .gitignore */ = {isa = PBXFileReference; fileEncoding = 4; lastKnownFileType = text; path = .gitignore; sourceTree = "<group>"; };
		8406304B21765CBC00208CF4 /* LUCKDBManager.m */ = {isa = PBXFileReference; fileEncoding = 4; lastKnownFileType = sourcecode.c.objc; path = LUCKDBManager.m; sourceTree = "<group>"; };
		8406304C21765CBC00208CF4 /* LUCKDBManager.h */ = {isa = PBXFileReference; fileEncoding = 4; lastKnownFileType = sourcecode.c.h; path = LUCKDBManager.h; sourceTree = "<group>"; };
		840630A2217CB5A400208CF4 /* GDTNativeExpressAdView.h */ = {isa = PBXFileReference; fileEncoding = 4; lastKnownFileType = sourcecode.c.h; path = GDTNativeExpressAdView.h; sourceTree = "<group>"; };
		840630A3217CB5A400208CF4 /* GDTMobBannerView.h */ = {isa = PBXFileReference; fileEncoding = 4; lastKnownFileType = sourcecode.c.h; path = GDTMobBannerView.h; sourceTree = "<group>"; };
		840630A4217CB5A400208CF4 /* GDTNativeAd.h */ = {isa = PBXFileReference; fileEncoding = 4; lastKnownFileType = sourcecode.c.h; path = GDTNativeAd.h; sourceTree = "<group>"; };
		840630A5217CB5A400208CF4 /* GDTSDKConfig.h */ = {isa = PBXFileReference; fileEncoding = 4; lastKnownFileType = sourcecode.c.h; path = GDTSDKConfig.h; sourceTree = "<group>"; };
		840630A6217CB5A400208CF4 /* GDTMobInterstitial.h */ = {isa = PBXFileReference; fileEncoding = 4; lastKnownFileType = sourcecode.c.h; path = GDTMobInterstitial.h; sourceTree = "<group>"; };
		840630A7217CB5A400208CF4 /* GDTSplashAd.h */ = {isa = PBXFileReference; fileEncoding = 4; lastKnownFileType = sourcecode.c.h; path = GDTSplashAd.h; sourceTree = "<group>"; };
		840630A8217CB5A400208CF4 /* GDTNativeExpressAd.h */ = {isa = PBXFileReference; fileEncoding = 4; lastKnownFileType = sourcecode.c.h; path = GDTNativeExpressAd.h; sourceTree = "<group>"; };
		840630A9217CB5A400208CF4 /* GDTSDKDefines.h */ = {isa = PBXFileReference; fileEncoding = 4; lastKnownFileType = sourcecode.c.h; path = GDTSDKDefines.h; sourceTree = "<group>"; };
		840630AA217CB5A400208CF4 /* libGDTMobSDK.a */ = {isa = PBXFileReference; lastKnownFileType = archive.ar; path = libGDTMobSDK.a; sourceTree = "<group>"; };
		840630AC217CB70900208CF4 /* AdSupport.framework */ = {isa = PBXFileReference; lastKnownFileType = wrapper.framework; name = AdSupport.framework; path = System/Library/Frameworks/AdSupport.framework; sourceTree = SDKROOT; };
		840630AE217CB71100208CF4 /* WebKit.framework */ = {isa = PBXFileReference; lastKnownFileType = wrapper.framework; name = WebKit.framework; path = System/Library/Frameworks/WebKit.framework; sourceTree = SDKROOT; };
		840630B0217CB71E00208CF4 /* libxml2.tbd */ = {isa = PBXFileReference; lastKnownFileType = "sourcecode.text-based-dylib-definition"; name = libxml2.tbd; path = usr/lib/libxml2.tbd; sourceTree = SDKROOT; };
		840630B2217CB73700208CF4 /* Security.framework */ = {isa = PBXFileReference; lastKnownFileType = wrapper.framework; name = Security.framework; path = System/Library/Frameworks/Security.framework; sourceTree = SDKROOT; };
		840630B4217CB74100208CF4 /* libz.tbd */ = {isa = PBXFileReference; lastKnownFileType = "sourcecode.text-based-dylib-definition"; name = libz.tbd; path = usr/lib/libz.tbd; sourceTree = SDKROOT; };
		840E241D20E913A900AF1377 /* LUCKStoryListCell.h */ = {isa = PBXFileReference; lastKnownFileType = sourcecode.c.h; path = LUCKStoryListCell.h; sourceTree = "<group>"; };
		840E241E20E913AA00AF1377 /* LUCKStoryListCell.m */ = {isa = PBXFileReference; lastKnownFileType = sourcecode.c.objc; path = LUCKStoryListCell.m; sourceTree = "<group>"; };
		840E241F20E913AA00AF1377 /* LUCKStoryListCell.xib */ = {isa = PBXFileReference; lastKnownFileType = file.xib; path = LUCKStoryListCell.xib; sourceTree = "<group>"; };
		840E535320D7C4F500942AFE /* yezjk.pch */ = {isa = PBXFileReference; lastKnownFileType = sourcecode.c.h; path = yezjk.pch; sourceTree = "<group>"; };
		840E535720DF9A2E00942AFE /* LUCKStoryModel.h */ = {isa = PBXFileReference; lastKnownFileType = sourcecode.c.h; path = LUCKStoryModel.h; sourceTree = "<group>"; };
		840E535820DF9A2E00942AFE /* LUCKStoryModel.m */ = {isa = PBXFileReference; lastKnownFileType = sourcecode.c.objc; path = LUCKStoryModel.m; sourceTree = "<group>"; };
		840E535A20E0692500942AFE /* bkmu_5.m4a */ = {isa = PBXFileReference; lastKnownFileType = file; path = bkmu_5.m4a; sourceTree = "<group>"; };
		840E535B20E0692600942AFE /* bkmu_3.m4a */ = {isa = PBXFileReference; lastKnownFileType = file; path = bkmu_3.m4a; sourceTree = "<group>"; };
		840E535C20E0692700942AFE /* bkmu_2.m4a */ = {isa = PBXFileReference; lastKnownFileType = file; path = bkmu_2.m4a; sourceTree = "<group>"; };
		840E535D20E0692800942AFE /* bkmu_1.m4a */ = {isa = PBXFileReference; lastKnownFileType = file; path = bkmu_1.m4a; sourceTree = "<group>"; };
		840E535E20E0692900942AFE /* bkmu_4.m4a */ = {isa = PBXFileReference; lastKnownFileType = file; path = bkmu_4.m4a; sourceTree = "<group>"; };
		84CBDE0C217F41D2007A26EA /* libBaiduSpeechSDK.a */ = {isa = PBXFileReference; lastKnownFileType = archive.ar; path = libBaiduSpeechSDK.a; sourceTree = "<group>"; };
		84CCFCFA20E2594B00563EA6 /* AipBase.framework */ = {isa = PBXFileReference; lastKnownFileType = wrapper.framework; path = AipBase.framework; sourceTree = "<group>"; };
		84CCFCFB20E2594B00563EA6 /* AipOcrSdk.framework */ = {isa = PBXFileReference; lastKnownFileType = wrapper.framework; path = AipOcrSdk.framework; sourceTree = "<group>"; };
		84CCFCFC20E2594B00563EA6 /* IdcardQuality.framework */ = {isa = PBXFileReference; lastKnownFileType = wrapper.framework; path = IdcardQuality.framework; sourceTree = "<group>"; };
		84CCFD4420E2F6DF00563EA6 /* LUCKAddStoryViewController.h */ = {isa = PBXFileReference; lastKnownFileType = sourcecode.c.h; path = LUCKAddStoryViewController.h; sourceTree = "<group>"; };
		84CCFD4520E2F6DF00563EA6 /* LUCKAddStoryViewController.m */ = {isa = PBXFileReference; lastKnownFileType = sourcecode.c.objc; path = LUCKAddStoryViewController.m; sourceTree = "<group>"; };
		84CCFD4720E7077600563EA6 /* LUCKStoryListViewController.h */ = {isa = PBXFileReference; lastKnownFileType = sourcecode.c.h; path = LUCKStoryListViewController.h; sourceTree = "<group>"; };
		84CCFD4820E7077600563EA6 /* LUCKStoryListViewController.m */ = {isa = PBXFileReference; lastKnownFileType = sourcecode.c.objc; path = LUCKStoryListViewController.m; sourceTree = "<group>"; };
		84CCFD4C20E8D8AA00563EA6 /* MBProgressHUD+JKDSMB.h */ = {isa = PBXFileReference; fileEncoding = 4; lastKnownFileType = sourcecode.c.h; path = "MBProgressHUD+JKDSMB.h"; sourceTree = "<group>"; };
		84CCFD4D20E8D8AA00563EA6 /* MBProgressHUD+JKDSMB.m */ = {isa = PBXFileReference; fileEncoding = 4; lastKnownFileType = sourcecode.c.objc; path = "MBProgressHUD+JKDSMB.m"; sourceTree = "<group>"; };
		84E280C720D72F470072A8A4 /* yezjk.app */ = {isa = PBXFileReference; explicitFileType = wrapper.application; includeInIndex = 0; path = yezjk.app; sourceTree = BUILT_PRODUCTS_DIR; };
		84E280CA20D72F480072A8A4 /* AppDelegate.h */ = {isa = PBXFileReference; lastKnownFileType = sourcecode.c.h; path = AppDelegate.h; sourceTree = "<group>"; };
		84E280CB20D72F480072A8A4 /* AppDelegate.m */ = {isa = PBXFileReference; lastKnownFileType = sourcecode.c.objc; path = AppDelegate.m; sourceTree = "<group>"; };
		84E280CD20D72F480072A8A4 /* ViewController.h */ = {isa = PBXFileReference; lastKnownFileType = sourcecode.c.h; path = ViewController.h; sourceTree = "<group>"; };
		84E280CE20D72F480072A8A4 /* ViewController.m */ = {isa = PBXFileReference; lastKnownFileType = sourcecode.c.objc; path = ViewController.m; sourceTree = "<group>"; };
		84E280D120D72F480072A8A4 /* Base */ = {isa = PBXFileReference; lastKnownFileType = file.storyboard; name = Base; path = Base.lproj/Main.storyboard; sourceTree = "<group>"; };
		84E280D320D72F480072A8A4 /* Assets.xcassets */ = {isa = PBXFileReference; lastKnownFileType = folder.assetcatalog; path = Assets.xcassets; sourceTree = "<group>"; };
		84E280D620D72F480072A8A4 /* Base */ = {isa = PBXFileReference; lastKnownFileType = file.storyboard; name = Base; path = Base.lproj/LaunchScreen.storyboard; sourceTree = "<group>"; };
		84E280D820D72F480072A8A4 /* Info.plist */ = {isa = PBXFileReference; lastKnownFileType = text.plist.xml; path = Info.plist; sourceTree = "<group>"; };
		84E280D920D72F480072A8A4 /* main.m */ = {isa = PBXFileReference; lastKnownFileType = sourcecode.c.objc; path = main.m; sourceTree = "<group>"; };
		84E280E220D72FEE0072A8A4 /* .gitIgnore */ = {isa = PBXFileReference; fileEncoding = 4; lastKnownFileType = text; path = .gitIgnore; sourceTree = "<group>"; };
		84E280E320D72FEE0072A8A4 /* BDSASRDefines.h */ = {isa = PBXFileReference; fileEncoding = 4; lastKnownFileType = sourcecode.c.h; path = BDSASRDefines.h; sourceTree = "<group>"; };
		84E280E420D72FEE0072A8A4 /* BDSASRParameters.h */ = {isa = PBXFileReference; fileEncoding = 4; lastKnownFileType = sourcecode.c.h; path = BDSASRParameters.h; sourceTree = "<group>"; };
		84E280E520D72FEE0072A8A4 /* BDSEventManager.h */ = {isa = PBXFileReference; fileEncoding = 4; lastKnownFileType = sourcecode.c.h; path = BDSEventManager.h; sourceTree = "<group>"; };
		84E280E620D72FEE0072A8A4 /* BDSUploaderDefines.h */ = {isa = PBXFileReference; fileEncoding = 4; lastKnownFileType = sourcecode.c.h; path = BDSUploaderDefines.h; sourceTree = "<group>"; };
		84E280E720D72FEE0072A8A4 /* BDSUploaderParameters.h */ = {isa = PBXFileReference; fileEncoding = 4; lastKnownFileType = sourcecode.c.h; path = BDSUploaderParameters.h; sourceTree = "<group>"; };
		84E280E820D72FEE0072A8A4 /* BDSWakeupDefines.h */ = {isa = PBXFileReference; fileEncoding = 4; lastKnownFileType = sourcecode.c.h; path = BDSWakeupDefines.h; sourceTree = "<group>"; };
		84E280E920D72FEE0072A8A4 /* BDSWakeupParameters.h */ = {isa = PBXFileReference; fileEncoding = 4; lastKnownFileType = sourcecode.c.h; path = BDSWakeupParameters.h; sourceTree = "<group>"; };
		84E280EB20D72FEE0072A8A4 /* BDRecognizerViewController.h */ = {isa = PBXFileReference; fileEncoding = 4; lastKnownFileType = sourcecode.c.h; path = BDRecognizerViewController.h; sourceTree = "<group>"; };
		84E280EC20D72FEE0072A8A4 /* BDRecognizerViewDelegate.h */ = {isa = PBXFileReference; fileEncoding = 4; lastKnownFileType = sourcecode.c.h; path = BDRecognizerViewDelegate.h; sourceTree = "<group>"; };
		84E280ED20D72FEE0072A8A4 /* BDRecognizerViewParamsObject.h */ = {isa = PBXFileReference; fileEncoding = 4; lastKnownFileType = sourcecode.c.h; path = BDRecognizerViewParamsObject.h; sourceTree = "<group>"; };
		84E280EE20D72FEE0072A8A4 /* BDTheme.h */ = {isa = PBXFileReference; fileEncoding = 4; lastKnownFileType = sourcecode.c.h; path = BDTheme.h; sourceTree = "<group>"; };
		84E280F020D72FEE0072A8A4 /* BDS_EttsModelManagerInterface.h */ = {isa = PBXFileReference; fileEncoding = 4; lastKnownFileType = sourcecode.c.h; path = BDS_EttsModelManagerInterface.h; sourceTree = "<group>"; };
		84E280F120D72FEE0072A8A4 /* BDSBuiltInPlayer.h */ = {isa = PBXFileReference; fileEncoding = 4; lastKnownFileType = sourcecode.c.h; path = BDSBuiltInPlayer.h; sourceTree = "<group>"; };
		84E280F220D72FEE0072A8A4 /* BDSMixedModeSynthesizer.h */ = {isa = PBXFileReference; fileEncoding = 4; lastKnownFileType = sourcecode.c.h; path = BDSMixedModeSynthesizer.h; sourceTree = "<group>"; };
		84E280F320D72FEE0072A8A4 /* BDSSpeechSynthesizer.h */ = {isa = PBXFileReference; fileEncoding = 4; lastKnownFileType = sourcecode.c.h; path = BDSSpeechSynthesizer.h; sourceTree = "<group>"; };
		84E280F420D72FEE0072A8A4 /* BDSSpeechSynthesizerDelegate.h */ = {isa = PBXFileReference; fileEncoding = 4; lastKnownFileType = sourcecode.c.h; path = BDSSpeechSynthesizerDelegate.h; sourceTree = "<group>"; };
		84E280F520D72FEE0072A8A4 /* BDSSpeechSynthesizerErrors.h */ = {isa = PBXFileReference; fileEncoding = 4; lastKnownFileType = sourcecode.c.h; path = BDSSpeechSynthesizerErrors.h; sourceTree = "<group>"; };
		84E280F620D72FEE0072A8A4 /* BDSSpeechSynthesizerParams.h */ = {isa = PBXFileReference; fileEncoding = 4; lastKnownFileType = sourcecode.c.h; path = BDSSpeechSynthesizerParams.h; sourceTree = "<group>"; };
		84E280F720D72FEE0072A8A4 /* BDSSynthesizerLogLevel.h */ = {isa = PBXFileReference; fileEncoding = 4; lastKnownFileType = sourcecode.c.h; path = BDSSynthesizerLogLevel.h; sourceTree = "<group>"; };
		84E280F820D72FEE0072A8A4 /* BDSSynthesizerStatusNotifications.h */ = {isa = PBXFileReference; fileEncoding = 4; lastKnownFileType = sourcecode.c.h; path = BDSSynthesizerStatusNotifications.h; sourceTree = "<group>"; };
		84E280F920D72FEE0072A8A4 /* BDSTTSEventManager.h */ = {isa = PBXFileReference; fileEncoding = 4; lastKnownFileType = sourcecode.c.h; path = BDSTTSEventManager.h; sourceTree = "<group>"; };
		84E2810320D730040072A8A4 /* bds_easr_basic_model.dat */ = {isa = PBXFileReference; lastKnownFileType = file; path = bds_easr_basic_model.dat; sourceTree = "<group>"; };
		84E2810420D730040072A8A4 /* bds_easr_dnn_wakeup_model.dat */ = {isa = PBXFileReference; lastKnownFileType = file; path = bds_easr_dnn_wakeup_model.dat; sourceTree = "<group>"; };
		84E2810520D730040072A8A4 /* bds_easr_gramm.dat */ = {isa = PBXFileReference; fileEncoding = 4; lastKnownFileType = text; path = bds_easr_gramm.dat; sourceTree = "<group>"; };
		84E2810620D730040072A8A4 /* bds_easr_input_model.dat */ = {isa = PBXFileReference; lastKnownFileType = file; path = bds_easr_input_model.dat; sourceTree = "<group>"; };
		84E2810720D730040072A8A4 /* bds_easr_mfe_cmvn.dat */ = {isa = PBXFileReference; fileEncoding = 4; lastKnownFileType = text; path = bds_easr_mfe_cmvn.dat; sourceTree = "<group>"; };
		84E2810820D730040072A8A4 /* bds_easr_mfe_dnn.dat */ = {isa = PBXFileReference; lastKnownFileType = file; path = bds_easr_mfe_dnn.dat; sourceTree = "<group>"; };
		84E2810920D730040072A8A4 /* bds_easr_wakeup_words.dat */ = {isa = PBXFileReference; lastKnownFileType = file; path = bds_easr_wakeup_words.dat; sourceTree = "<group>"; };
		84E2810A20D730040072A8A4 /* bds_license.dat */ = {isa = PBXFileReference; fileEncoding = 4; lastKnownFileType = text; path = bds_license.dat; sourceTree = "<group>"; };
		84E2810B20D730040072A8A4 /* vad.dnn_o.dat */ = {isa = PBXFileReference; lastKnownFileType = file; path = vad.dnn_o.dat; sourceTree = "<group>"; };
		84E2810C20D730040072A8A4 /* vad_dnn_online.dat */ = {isa = PBXFileReference; lastKnownFileType = file; path = vad_dnn_online.dat; sourceTree = "<group>"; };
		84E2810E20D730040072A8A4 /* 3.pcm */ = {isa = PBXFileReference; lastKnownFileType = file; path = 3.pcm; sourceTree = "<group>"; };
		84E2810F20D730040072A8A4 /* 5.pcm */ = {isa = PBXFileReference; lastKnownFileType = file; path = 5.pcm; sourceTree = "<group>"; };
		84E2811120D730040072A8A4 /* darkBlue.bundle */ = {isa = PBXFileReference; lastKnownFileType = "wrapper.plug-in"; path = darkBlue.bundle; sourceTree = "<group>"; };
		84E2811220D730040072A8A4 /* darkGreen.bundle */ = {isa = PBXFileReference; lastKnownFileType = "wrapper.plug-in"; path = darkGreen.bundle; sourceTree = "<group>"; };
		84E2811320D730040072A8A4 /* darkOrange.bundle */ = {isa = PBXFileReference; lastKnownFileType = "wrapper.plug-in"; path = darkOrange.bundle; sourceTree = "<group>"; };
		84E2811420D730040072A8A4 /* darkRed.bundle */ = {isa = PBXFileReference; lastKnownFileType = "wrapper.plug-in"; path = darkRed.bundle; sourceTree = "<group>"; };
		84E2811520D730040072A8A4 /* defaultFullScreenTheme.bundle */ = {isa = PBXFileReference; lastKnownFileType = "wrapper.plug-in"; path = defaultFullScreenTheme.bundle; sourceTree = "<group>"; };
		84E2811620D730040072A8A4 /* defaultTheme.bundle */ = {isa = PBXFileReference; lastKnownFileType = "wrapper.plug-in"; path = defaultTheme.bundle; sourceTree = "<group>"; };
		84E2811720D730040072A8A4 /* lightBlue.bundle */ = {isa = PBXFileReference; lastKnownFileType = "wrapper.plug-in"; path = lightBlue.bundle; sourceTree = "<group>"; };
		84E2811820D730040072A8A4 /* lightGreen.bundle */ = {isa = PBXFileReference; lastKnownFileType = "wrapper.plug-in"; path = lightGreen.bundle; sourceTree = "<group>"; };
		84E2811920D730040072A8A4 /* lightOrange.bundle */ = {isa = PBXFileReference; lastKnownFileType = "wrapper.plug-in"; path = lightOrange.bundle; sourceTree = "<group>"; };
		84E2811A20D730040072A8A4 /* lightRed.bundle */ = {isa = PBXFileReference; lastKnownFileType = "wrapper.plug-in"; path = lightRed.bundle; sourceTree = "<group>"; };
		84E2811C20D730040072A8A4 /* record_cancel.caf */ = {isa = PBXFileReference; lastKnownFileType = file; path = record_cancel.caf; sourceTree = "<group>"; };
		84E2811D20D730040072A8A4 /* record_end.caf */ = {isa = PBXFileReference; lastKnownFileType = file; path = record_end.caf; sourceTree = "<group>"; };
		84E2811E20D730040072A8A4 /* record_fail.caf */ = {isa = PBXFileReference; lastKnownFileType = file; path = record_fail.caf; sourceTree = "<group>"; };
		84E2811F20D730040072A8A4 /* record_start.caf */ = {isa = PBXFileReference; lastKnownFileType = file; path = record_start.caf; sourceTree = "<group>"; };
		84E2812020D730040072A8A4 /* record_success.caf */ = {isa = PBXFileReference; lastKnownFileType = file; path = record_success.caf; sourceTree = "<group>"; };
		84E2812220D730040072A8A4 /* Chinese_And_English_Speech_DYY.dat */ = {isa = PBXFileReference; lastKnownFileType = file; path = Chinese_And_English_Speech_DYY.dat; sourceTree = "<group>"; };
		84E2812320D730040072A8A4 /* Chinese_And_English_Speech_Female.dat */ = {isa = PBXFileReference; lastKnownFileType = file; path = Chinese_And_English_Speech_Female.dat; sourceTree = "<group>"; };
		84E2812420D730040072A8A4 /* Chinese_And_English_Speech_Male-yyjw.dat */ = {isa = PBXFileReference; lastKnownFileType = file; path = "Chinese_And_English_Speech_Male-yyjw.dat"; sourceTree = "<group>"; };
		84E2812520D730040072A8A4 /* Chinese_And_English_Speech_Male.dat */ = {isa = PBXFileReference; lastKnownFileType = file; path = Chinese_And_English_Speech_Male.dat; sourceTree = "<group>"; };
		84E2812620D730040072A8A4 /* Chinese_And_English_Text.dat */ = {isa = PBXFileReference; lastKnownFileType = file; path = Chinese_And_English_Text.dat; sourceTree = "<group>"; };
		84E2812720D730040072A8A4 /* Chinese_Speech_Female.dat */ = {isa = PBXFileReference; lastKnownFileType = file; path = Chinese_Speech_Female.dat; sourceTree = "<group>"; };
		84E2812820D730040072A8A4 /* Chinese_Speech_Male.dat */ = {isa = PBXFileReference; lastKnownFileType = file; path = Chinese_Speech_Male.dat; sourceTree = "<group>"; };
		84E2812920D730040072A8A4 /* Chinese_Text.dat */ = {isa = PBXFileReference; lastKnownFileType = file; path = Chinese_Text.dat; sourceTree = "<group>"; };
		84E2812A20D730040072A8A4 /* English_Speech_Female.dat */ = {isa = PBXFileReference; lastKnownFileType = file; path = English_Speech_Female.dat; sourceTree = "<group>"; };
		84E2812B20D730040072A8A4 /* English_Speech_Male.dat */ = {isa = PBXFileReference; lastKnownFileType = file; path = English_Speech_Male.dat; sourceTree = "<group>"; };
		84E2812C20D730040072A8A4 /* English_Text.dat */ = {isa = PBXFileReference; lastKnownFileType = file; path = English_Text.dat; sourceTree = "<group>"; };
		84E2812D20D730040072A8A4 /* license-ios-etts-BaiduBoxDev.dat */ = {isa = PBXFileReference; fileEncoding = 4; lastKnownFileType = text; path = "license-ios-etts-BaiduBoxDev.dat"; sourceTree = "<group>"; };
		84E2812E20D730040072A8A4 /* tmp_license.dat */ = {isa = PBXFileReference; fileEncoding = 4; lastKnownFileType = text; path = tmp_license.dat; sourceTree = "<group>"; };
		84E2815820D732F60072A8A4 /* libsqlite3.0.tbd */ = {isa = PBXFileReference; lastKnownFileType = "sourcecode.text-based-dylib-definition"; name = libsqlite3.0.tbd; path = usr/lib/libsqlite3.0.tbd; sourceTree = SDKROOT; };
		84E2815A20D733090072A8A4 /* libstdc++.6.0.9.tbd */ = {isa = PBXFileReference; lastKnownFileType = "sourcecode.text-based-dylib-definition"; name = "libstdc++.6.0.9.tbd"; path = "usr/lib/libstdc++.6.0.9.tbd"; sourceTree = SDKROOT; };
		84E2815C20D733100072A8A4 /* libiconv.2.4.0.tbd */ = {isa = PBXFileReference; lastKnownFileType = "sourcecode.text-based-dylib-definition"; name = libiconv.2.4.0.tbd; path = usr/lib/libiconv.2.4.0.tbd; sourceTree = SDKROOT; };
		84E2815E20D7331B0072A8A4 /* libc++.tbd */ = {isa = PBXFileReference; lastKnownFileType = "sourcecode.text-based-dylib-definition"; name = "libc++.tbd"; path = "usr/lib/libc++.tbd"; sourceTree = SDKROOT; };
		84E2816020D733240072A8A4 /* libz.1.2.5.tbd */ = {isa = PBXFileReference; lastKnownFileType = "sourcecode.text-based-dylib-definition"; name = libz.1.2.5.tbd; path = usr/lib/libz.1.2.5.tbd; sourceTree = SDKROOT; };
		84E2816220D733300072A8A4 /* GLKit.framework */ = {isa = PBXFileReference; lastKnownFileType = wrapper.framework; name = GLKit.framework; path = System/Library/Frameworks/GLKit.framework; sourceTree = SDKROOT; };
		84E2816420D733420072A8A4 /* SystemConfiguration.framework */ = {isa = PBXFileReference; lastKnownFileType = wrapper.framework; name = SystemConfiguration.framework; path = System/Library/Frameworks/SystemConfiguration.framework; sourceTree = SDKROOT; };
		84E2816520D7334A0072A8A4 /* AudioToolbox.framework */ = {isa = PBXFileReference; lastKnownFileType = wrapper.framework; name = AudioToolbox.framework; path = System/Library/Frameworks/AudioToolbox.framework; sourceTree = SDKROOT; };
		84E2816620D733520072A8A4 /* AVFoundation.framework */ = {isa = PBXFileReference; lastKnownFileType = wrapper.framework; name = AVFoundation.framework; path = System/Library/Frameworks/AVFoundation.framework; sourceTree = SDKROOT; };
		84E2816720D733580072A8A4 /* CFNetwork.framework */ = {isa = PBXFileReference; lastKnownFileType = wrapper.framework; name = CFNetwork.framework; path = System/Library/Frameworks/CFNetwork.framework; sourceTree = SDKROOT; };
		84E2816820D733600072A8A4 /* CoreLocation.framework */ = {isa = PBXFileReference; lastKnownFileType = wrapper.framework; name = CoreLocation.framework; path = System/Library/Frameworks/CoreLocation.framework; sourceTree = SDKROOT; };
		84E2816920D733680072A8A4 /* CoreTelephony.framework */ = {isa = PBXFileReference; lastKnownFileType = wrapper.framework; name = CoreTelephony.framework; path = System/Library/Frameworks/CoreTelephony.framework; sourceTree = SDKROOT; };
		84E2817020D76E250072A8A4 /* PicModel.h */ = {isa = PBXFileReference; lastKnownFileType = sourcecode.c.h; path = PicModel.h; sourceTree = "<group>"; };
		84E2817120D76E260072A8A4 /* PicModel.m */ = {isa = PBXFileReference; lastKnownFileType = sourcecode.c.objc; path = PicModel.m; sourceTree = "<group>"; };
		E1042C62841644B85E5A8836 /* Pods-yezjk.debug.xcconfig */ = {isa = PBXFileReference; includeInIndex = 1; lastKnownFileType = text.xcconfig; name = "Pods-yezjk.debug.xcconfig"; path = "Pods/Target Support Files/Pods-yezjk/Pods-yezjk.debug.xcconfig"; sourceTree = "<group>"; };
		FC2143B70C1408456A365ECC /* libPods-yezjk.a */ = {isa = PBXFileReference; explicitFileType = archive.ar; includeInIndex = 0; path = "libPods-yezjk.a"; sourceTree = BUILT_PRODUCTS_DIR; };
/* End PBXFileReference section */

/* Begin PBXFrameworksBuildPhase section */
		84E280C420D72F470072A8A4 /* Frameworks */ = {
			isa = PBXFrameworksBuildPhase;
			buildActionMask = 2147483647;
			files = (
				840630B5217CB74200208CF4 /* libz.tbd in Frameworks */,
				840630B3217CB73700208CF4 /* Security.framework in Frameworks */,
				840630B1217CB71F00208CF4 /* libxml2.tbd in Frameworks */,
				840630AF217CB71100208CF4 /* WebKit.framework in Frameworks */,
				840630AD217CB70A00208CF4 /* AdSupport.framework in Frameworks */,
				84E2816F20D735E90072A8A4 /* CoreTelephony.framework in Frameworks */,
				84E2816E20D735E20072A8A4 /* CoreLocation.framework in Frameworks */,
				84E2816D20D735DD0072A8A4 /* CFNetwork.framework in Frameworks */,
				84CBDE0D217F41D3007A26EA /* libBaiduSpeechSDK.a in Frameworks */,
				84E2816C20D735D70072A8A4 /* AVFoundation.framework in Frameworks */,
				84E2816B20D735D00072A8A4 /* AudioToolbox.framework in Frameworks */,
				84E2816A20D735C90072A8A4 /* SystemConfiguration.framework in Frameworks */,
				84CCFCFD20E2594B00563EA6 /* AipBase.framework in Frameworks */,
				84CCFD0320E2595600563EA6 /* AipOcrSdk.framework in Frameworks */,
				84E2816320D733390072A8A4 /* GLKit.framework in Frameworks */,
				84E2815D20D733100072A8A4 /* libiconv.2.4.0.tbd in Frameworks */,
				84E2816120D733240072A8A4 /* libz.1.2.5.tbd in Frameworks */,
				84E2815F20D7331B0072A8A4 /* libc++.tbd in Frameworks */,
				84E2815920D733000072A8A4 /* libsqlite3.0.tbd in Frameworks */,
				840630AB217CB5A400208CF4 /* libGDTMobSDK.a in Frameworks */,
				84CCFD0520E2595900563EA6 /* IdcardQuality.framework in Frameworks */,
				84E2815B20D733090072A8A4 /* libstdc++.6.0.9.tbd in Frameworks */,
				0BDABF6A612FC4643E071107 /* libPods-yezjk.a in Frameworks */,
				84CCFCFE20E2594B00563EA6 /* AipOcrSdk.framework in Frameworks */,
			);
			runOnlyForDeploymentPostprocessing = 0;
		};
/* End PBXFrameworksBuildPhase section */

/* Begin PBXGroup section */
		7934BDA420E31CBF00E0F118 /* ViewController */ = {
			isa = PBXGroup;
			children = (
				79872AA421747DBF009D0C02 /* web */,
				7949630420D8E7F200F90B21 /* PicPageViewController.h */,
				7949630520D8E7F200F90B21 /* PicPageViewController.m */,
				84E280CD20D72F480072A8A4 /* ViewController.h */,
				84E280CE20D72F480072A8A4 /* ViewController.m */,
				7925B764216DF80B009E6531 /* LUCKAddPicViewController.h */,
				7925B765216DF80C009E6531 /* LUCKAddPicViewController.m */,
				84CCFD4420E2F6DF00563EA6 /* LUCKAddStoryViewController.h */,
				84CCFD4520E2F6DF00563EA6 /* LUCKAddStoryViewController.m */,
				84CCFD4720E7077600563EA6 /* LUCKStoryListViewController.h */,
				84CCFD4820E7077600563EA6 /* LUCKStoryListViewController.m */,
				840E241D20E913A900AF1377 /* LUCKStoryListCell.h */,
				840E241E20E913AA00AF1377 /* LUCKStoryListCell.m */,
				840E241F20E913AA00AF1377 /* LUCKStoryListCell.xib */,
				7949630720D8E87C00F90B21 /* PicViewController.h */,
				7949630820D8E87C00F90B21 /* PicViewController.m */,
			);
			path = ViewController;
			sourceTree = "<group>";
		};
		7934BDA520E31CCC00E0F118 /* Manager */ = {
			isa = PBXGroup;
			children = (
				8406304C21765CBC00208CF4 /* LUCKDBManager.h */,
				8406304B21765CBC00208CF4 /* LUCKDBManager.m */,
			);
			path = Manager;
			sourceTree = "<group>";
		};
		7934BDA720E31CD700E0F118 /* Model */ = {
			isa = PBXGroup;
			children = (
				84E2817020D76E250072A8A4 /* PicModel.h */,
				84E2817120D76E260072A8A4 /* PicModel.m */,
				840E535720DF9A2E00942AFE /* LUCKStoryModel.h */,
				840E535820DF9A2E00942AFE /* LUCKStoryModel.m */,
				7934BDA520E31CCC00E0F118 /* Manager */,
			);
			path = Model;
			sourceTree = "<group>";
		};
		7934BDA820E31CF700E0F118 /* Appdelegate */ = {
			isa = PBXGroup;
			children = (
				84E280CA20D72F480072A8A4 /* AppDelegate.h */,
				84E280CB20D72F480072A8A4 /* AppDelegate.m */,
			);
			path = Appdelegate;
			sourceTree = "<group>";
		};
		7934BDA920E31D0200E0F118 /* Resource */ = {
			isa = PBXGroup;
			children = (
				840E535D20E0692800942AFE /* bkmu_1.m4a */,
				840E535C20E0692700942AFE /* bkmu_2.m4a */,
				840E535B20E0692600942AFE /* bkmu_3.m4a */,
				840E535E20E0692900942AFE /* bkmu_4.m4a */,
				840E535A20E0692500942AFE /* bkmu_5.m4a */,
			);
			path = Resource;
			sourceTree = "<group>";
		};
		79872AA421747DBF009D0C02 /* web */ = {
			isa = PBXGroup;
			children = (
				798B9445216F4D47002389F3 /* LUCKBottomView.h */,
				798B9446216F4D47002389F3 /* LUCKBottomView.m */,
				798B9442216F4D23002389F3 /* LUCKTestViewController.h */,
				798B9443216F4D23002389F3 /* LUCKTestViewController.m */,
				798B944B21704C23002389F3 /* LUCKUserzhengceViewController.h */,
				798B944C21704C23002389F3 /* LUCKUserzhengceViewController.m */,
			);
			path = web;
			sourceTree = "<group>";
		};
		79D7AEE620E31D6400528F3E /* BDSClientLib */ = {
			isa = PBXGroup;
			children = (
				84CBDE0C217F41D2007A26EA /* libBaiduSpeechSDK.a */,
				79D7AEE820E31D6400528F3E /* .gitignore */,
			);
			path = BDSClientLib;
			sourceTree = "<group>";
		};
		840630A1217CB5A400208CF4 /* lib */ = {
			isa = PBXGroup;
			children = (
				840630A2217CB5A400208CF4 /* GDTNativeExpressAdView.h */,
				840630A3217CB5A400208CF4 /* GDTMobBannerView.h */,
				840630A4217CB5A400208CF4 /* GDTNativeAd.h */,
				840630A5217CB5A400208CF4 /* GDTSDKConfig.h */,
				840630A6217CB5A400208CF4 /* GDTMobInterstitial.h */,
				840630A7217CB5A400208CF4 /* GDTSplashAd.h */,
				840630A8217CB5A400208CF4 /* GDTNativeExpressAd.h */,
				840630A9217CB5A400208CF4 /* GDTSDKDefines.h */,
				840630AA217CB5A400208CF4 /* libGDTMobSDK.a */,
			);
			path = lib;
			sourceTree = "<group>";
		};
		84CCFCF920E2594B00563EA6 /* lib */ = {
			isa = PBXGroup;
			children = (
				840630A1217CB5A400208CF4 /* lib */,
				79D7AEE620E31D6400528F3E /* BDSClientLib */,
				84E280E020D72FEE0072A8A4 /* BDSClientHeaders */,
				84E2810020D730040072A8A4 /* BDSClientResource */,
				84CCFCFA20E2594B00563EA6 /* AipBase.framework */,
				84CCFCFB20E2594B00563EA6 /* AipOcrSdk.framework */,
				84CCFCFC20E2594B00563EA6 /* IdcardQuality.framework */,
			);
			path = lib;
			sourceTree = "<group>";
		};
		84CCFD4A20E8D89A00563EA6 /* Unity */ = {
			isa = PBXGroup;
			children = (
				84CCFD4B20E8D8AA00563EA6 /* MBProgressHUD */,
			);
			path = Unity;
			sourceTree = "<group>";
		};
		84CCFD4B20E8D8AA00563EA6 /* MBProgressHUD */ = {
			isa = PBXGroup;
			children = (
				84CCFD4C20E8D8AA00563EA6 /* MBProgressHUD+JKDSMB.h */,
				84CCFD4D20E8D8AA00563EA6 /* MBProgressHUD+JKDSMB.m */,
			);
			path = MBProgressHUD;
			sourceTree = "<group>";
		};
		84E280BE20D72F470072A8A4 = {
			isa = PBXGroup;
			children = (
				84E280C920D72F470072A8A4 /* yezjk */,
				84E280C820D72F470072A8A4 /* Products */,
				84E2815720D732F50072A8A4 /* Frameworks */,
				F414DE874C5F0FEA051BABFC /* Pods */,
			);
			sourceTree = "<group>";
		};
		84E280C820D72F470072A8A4 /* Products */ = {
			isa = PBXGroup;
			children = (
				84E280C720D72F470072A8A4 /* yezjk.app */,
			);
			name = Products;
			sourceTree = "<group>";
		};
		84E280C920D72F470072A8A4 /* yezjk */ = {
			isa = PBXGroup;
			children = (
				798B944A21704580002389F3 /* yezjk.entitlements */,
				84CCFD4A20E8D89A00563EA6 /* Unity */,
				7934BDA920E31D0200E0F118 /* Resource */,
				7934BDA820E31CF700E0F118 /* Appdelegate */,
				7934BDA720E31CD700E0F118 /* Model */,
				7934BDA420E31CBF00E0F118 /* ViewController */,
				84CCFCF920E2594B00563EA6 /* lib */,
				84E280D020D72F480072A8A4 /* Main.storyboard */,
				84E280D320D72F480072A8A4 /* Assets.xcassets */,
				84E280D520D72F480072A8A4 /* LaunchScreen.storyboard */,
				84E280D820D72F480072A8A4 /* Info.plist */,
				84E280D920D72F480072A8A4 /* main.m */,
				840E535320D7C4F500942AFE /* yezjk.pch */,
			);
			path = yezjk;
			sourceTree = "<group>";
		};
		84E280E020D72FEE0072A8A4 /* BDSClientHeaders */ = {
			isa = PBXGroup;
			children = (
				84E280E120D72FEE0072A8A4 /* ASR */,
				84E280EF20D72FEE0072A8A4 /* TTS */,
			);
			path = BDSClientHeaders;
			sourceTree = "<group>";
		};
		84E280E120D72FEE0072A8A4 /* ASR */ = {
			isa = PBXGroup;
			children = (
				84E280E220D72FEE0072A8A4 /* .gitIgnore */,
				84E280E320D72FEE0072A8A4 /* BDSASRDefines.h */,
				84E280E420D72FEE0072A8A4 /* BDSASRParameters.h */,
				84E280E520D72FEE0072A8A4 /* BDSEventManager.h */,
				84E280E620D72FEE0072A8A4 /* BDSUploaderDefines.h */,
				84E280E720D72FEE0072A8A4 /* BDSUploaderParameters.h */,
				84E280E820D72FEE0072A8A4 /* BDSWakeupDefines.h */,
				84E280E920D72FEE0072A8A4 /* BDSWakeupParameters.h */,
				84E280EA20D72FEE0072A8A4 /* UIHeaders */,
			);
			path = ASR;
			sourceTree = "<group>";
		};
		84E280EA20D72FEE0072A8A4 /* UIHeaders */ = {
			isa = PBXGroup;
			children = (
				84E280EB20D72FEE0072A8A4 /* BDRecognizerViewController.h */,
				84E280EC20D72FEE0072A8A4 /* BDRecognizerViewDelegate.h */,
				84E280ED20D72FEE0072A8A4 /* BDRecognizerViewParamsObject.h */,
				84E280EE20D72FEE0072A8A4 /* BDTheme.h */,
			);
			path = UIHeaders;
			sourceTree = "<group>";
		};
		84E280EF20D72FEE0072A8A4 /* TTS */ = {
			isa = PBXGroup;
			children = (
				84E280F020D72FEE0072A8A4 /* BDS_EttsModelManagerInterface.h */,
				84E280F120D72FEE0072A8A4 /* BDSBuiltInPlayer.h */,
				84E280F220D72FEE0072A8A4 /* BDSMixedModeSynthesizer.h */,
				84E280F320D72FEE0072A8A4 /* BDSSpeechSynthesizer.h */,
				84E280F420D72FEE0072A8A4 /* BDSSpeechSynthesizerDelegate.h */,
				84E280F520D72FEE0072A8A4 /* BDSSpeechSynthesizerErrors.h */,
				84E280F620D72FEE0072A8A4 /* BDSSpeechSynthesizerParams.h */,
				84E280F720D72FEE0072A8A4 /* BDSSynthesizerLogLevel.h */,
				84E280F820D72FEE0072A8A4 /* BDSSynthesizerStatusNotifications.h */,
				84E280F920D72FEE0072A8A4 /* BDSTTSEventManager.h */,
			);
			path = TTS;
			sourceTree = "<group>";
		};
		84E2810020D730040072A8A4 /* BDSClientResource */ = {
			isa = PBXGroup;
			children = (
				84E2810120D730040072A8A4 /* ASR */,
				84E2812120D730040072A8A4 /* TTS */,
			);
			path = BDSClientResource;
			sourceTree = "<group>";
		};
		84E2810120D730040072A8A4 /* ASR */ = {
			isa = PBXGroup;
			children = (
				84E2810220D730040072A8A4 /* BDSClientEASRResources */,
				84E2810D20D730040072A8A4 /* BDSClientResources */,
			);
			path = ASR;
			sourceTree = "<group>";
		};
		84E2810220D730040072A8A4 /* BDSClientEASRResources */ = {
			isa = PBXGroup;
			children = (
				84E2810320D730040072A8A4 /* bds_easr_basic_model.dat */,
				84E2810420D730040072A8A4 /* bds_easr_dnn_wakeup_model.dat */,
				84E2810520D730040072A8A4 /* bds_easr_gramm.dat */,
				84E2810620D730040072A8A4 /* bds_easr_input_model.dat */,
				84E2810720D730040072A8A4 /* bds_easr_mfe_cmvn.dat */,
				84E2810820D730040072A8A4 /* bds_easr_mfe_dnn.dat */,
				84E2810920D730040072A8A4 /* bds_easr_wakeup_words.dat */,
				84E2810A20D730040072A8A4 /* bds_license.dat */,
				84E2810B20D730040072A8A4 /* vad.dnn_o.dat */,
				84E2810C20D730040072A8A4 /* vad_dnn_online.dat */,
			);
			path = BDSClientEASRResources;
			sourceTree = "<group>";
		};
		84E2810D20D730040072A8A4 /* BDSClientResources */ = {
			isa = PBXGroup;
			children = (
				84E2810E20D730040072A8A4 /* 3.pcm */,
				84E2810F20D730040072A8A4 /* 5.pcm */,
				84E2811020D730040072A8A4 /* Theme */,
				84E2811B20D730040072A8A4 /* Tone */,
			);
			path = BDSClientResources;
			sourceTree = "<group>";
		};
		84E2811020D730040072A8A4 /* Theme */ = {
			isa = PBXGroup;
			children = (
				84E2811120D730040072A8A4 /* darkBlue.bundle */,
				84E2811220D730040072A8A4 /* darkGreen.bundle */,
				84E2811320D730040072A8A4 /* darkOrange.bundle */,
				84E2811420D730040072A8A4 /* darkRed.bundle */,
				84E2811520D730040072A8A4 /* defaultFullScreenTheme.bundle */,
				84E2811620D730040072A8A4 /* defaultTheme.bundle */,
				84E2811720D730040072A8A4 /* lightBlue.bundle */,
				84E2811820D730040072A8A4 /* lightGreen.bundle */,
				84E2811920D730040072A8A4 /* lightOrange.bundle */,
				84E2811A20D730040072A8A4 /* lightRed.bundle */,
			);
			path = Theme;
			sourceTree = "<group>";
		};
		84E2811B20D730040072A8A4 /* Tone */ = {
			isa = PBXGroup;
			children = (
				84E2811C20D730040072A8A4 /* record_cancel.caf */,
				84E2811D20D730040072A8A4 /* record_end.caf */,
				84E2811E20D730040072A8A4 /* record_fail.caf */,
				84E2811F20D730040072A8A4 /* record_start.caf */,
				84E2812020D730040072A8A4 /* record_success.caf */,
			);
			path = Tone;
			sourceTree = "<group>";
		};
		84E2812120D730040072A8A4 /* TTS */ = {
			isa = PBXGroup;
			children = (
				84E2812220D730040072A8A4 /* Chinese_And_English_Speech_DYY.dat */,
				84E2812320D730040072A8A4 /* Chinese_And_English_Speech_Female.dat */,
				84E2812420D730040072A8A4 /* Chinese_And_English_Speech_Male-yyjw.dat */,
				84E2812520D730040072A8A4 /* Chinese_And_English_Speech_Male.dat */,
				84E2812620D730040072A8A4 /* Chinese_And_English_Text.dat */,
				84E2812720D730040072A8A4 /* Chinese_Speech_Female.dat */,
				84E2812820D730040072A8A4 /* Chinese_Speech_Male.dat */,
				84E2812920D730040072A8A4 /* Chinese_Text.dat */,
				84E2812A20D730040072A8A4 /* English_Speech_Female.dat */,
				84E2812B20D730040072A8A4 /* English_Speech_Male.dat */,
				84E2812C20D730040072A8A4 /* English_Text.dat */,
				84E2812D20D730040072A8A4 /* license-ios-etts-BaiduBoxDev.dat */,
				84E2812E20D730040072A8A4 /* tmp_license.dat */,
			);
			path = TTS;
			sourceTree = "<group>";
		};
		84E2815720D732F50072A8A4 /* Frameworks */ = {
			isa = PBXGroup;
			children = (
				840630B4217CB74100208CF4 /* libz.tbd */,
				840630B2217CB73700208CF4 /* Security.framework */,
				840630B0217CB71E00208CF4 /* libxml2.tbd */,
				840630AE217CB71100208CF4 /* WebKit.framework */,
				840630AC217CB70900208CF4 /* AdSupport.framework */,
				84E2816920D733680072A8A4 /* CoreTelephony.framework */,
				84E2816820D733600072A8A4 /* CoreLocation.framework */,
				84E2816720D733580072A8A4 /* CFNetwork.framework */,
				84E2816620D733520072A8A4 /* AVFoundation.framework */,
				84E2816520D7334A0072A8A4 /* AudioToolbox.framework */,
				84E2816420D733420072A8A4 /* SystemConfiguration.framework */,
				84E2816220D733300072A8A4 /* GLKit.framework */,
				84E2816020D733240072A8A4 /* libz.1.2.5.tbd */,
				84E2815E20D7331B0072A8A4 /* libc++.tbd */,
				84E2815C20D733100072A8A4 /* libiconv.2.4.0.tbd */,
				84E2815A20D733090072A8A4 /* libstdc++.6.0.9.tbd */,
				84E2815820D732F60072A8A4 /* libsqlite3.0.tbd */,
				FC2143B70C1408456A365ECC /* libPods-yezjk.a */,
			);
			name = Frameworks;
			sourceTree = "<group>";
		};
		F414DE874C5F0FEA051BABFC /* Pods */ = {
			isa = PBXGroup;
			children = (
				E1042C62841644B85E5A8836 /* Pods-yezjk.debug.xcconfig */,
				3853B0E28FA4E0E123D80DF6 /* Pods-yezjk.release.xcconfig */,
			);
			name = Pods;
			sourceTree = "<group>";
		};
/* End PBXGroup section */

/* Begin PBXNativeTarget section */
		84E280C620D72F470072A8A4 /* yezjk */ = {
			isa = PBXNativeTarget;
			buildConfigurationList = 84E280DD20D72F480072A8A4 /* Build configuration list for PBXNativeTarget "yezjk" */;
			buildPhases = (
				76AEE2D9B697B70AA706F6FF /* [CP] Check Pods Manifest.lock */,
				84E280C320D72F470072A8A4 /* Sources */,
				84E280C420D72F470072A8A4 /* Frameworks */,
				84E280C520D72F470072A8A4 /* Resources */,
				B1F08E3FC30581B308358AFB /* [CP] Copy Pods Resources */,
				84CCFD0220E2595300563EA6 /* Embed Frameworks */,
			);
			buildRules = (
			);
			dependencies = (
			);
			name = yezjk;
			productName = yezjk;
			productReference = 84E280C720D72F470072A8A4 /* yezjk.app */;
			productType = "com.apple.product-type.application";
		};
/* End PBXNativeTarget section */

/* Begin PBXProject section */
		84E280BF20D72F470072A8A4 /* Project object */ = {
			isa = PBXProject;
			attributes = {
				CLASSPREFIX = LUCK;
				LastUpgradeCheck = 0910;
				ORGANIZATIONNAME = luck;
				TargetAttributes = {
					84E280C620D72F470072A8A4 = {
						CreatedOnToolsVersion = 9.1;
						ProvisioningStyle = Automatic;
						SystemCapabilities = {
							com.apple.BackgroundModes = {
								enabled = 1;
							};
							com.apple.Push = {
								enabled = 1;
							};
						};
					};
				};
			};
			buildConfigurationList = 84E280C220D72F470072A8A4 /* Build configuration list for PBXProject "yezjk" */;
			compatibilityVersion = "Xcode 8.0";
			developmentRegion = en;
			hasScannedForEncodings = 0;
			knownRegions = (
				en,
				Base,
			);
			mainGroup = 84E280BE20D72F470072A8A4;
			productRefGroup = 84E280C820D72F470072A8A4 /* Products */;
			projectDirPath = "";
			projectRoot = "";
			targets = (
				84E280C620D72F470072A8A4 /* yezjk */,
			);
		};
/* End PBXProject section */

/* Begin PBXResourcesBuildPhase section */
		84E280C520D72F470072A8A4 /* Resources */ = {
			isa = PBXResourcesBuildPhase;
			buildActionMask = 2147483647;
			files = (
				79D7AEEA20E31D6500528F3E /* .gitignore in Resources */,
				840E242120E913AA00AF1377 /* LUCKStoryListCell.xib in Resources */,
				84E2814320D730040072A8A4 /* lightOrange.bundle in Resources */,
				84E2814920D730040072A8A4 /* record_success.caf in Resources */,
				84E2813320D730040072A8A4 /* bds_easr_mfe_cmvn.dat in Resources */,
				840E535F20E0692900942AFE /* bkmu_5.m4a in Resources */,
				84E2813F20D730040072A8A4 /* defaultFullScreenTheme.bundle in Resources */,
				84E280FA20D72FEE0072A8A4 /* .gitIgnore in Resources */,
				84E280D720D72F480072A8A4 /* LaunchScreen.storyboard in Resources */,
				84E2813A20D730040072A8A4 /* 5.pcm in Resources */,
				84E2813B20D730040072A8A4 /* darkBlue.bundle in Resources */,
				84E2813620D730040072A8A4 /* bds_license.dat in Resources */,
				84E2814520D730040072A8A4 /* record_cancel.caf in Resources */,
				84E2812F20D730040072A8A4 /* bds_easr_basic_model.dat in Resources */,
				84E2814F20D730040072A8A4 /* Chinese_Speech_Female.dat in Resources */,
				84E2814420D730040072A8A4 /* lightRed.bundle in Resources */,
				84E2814820D730040072A8A4 /* record_start.caf in Resources */,
				84E2813920D730040072A8A4 /* 3.pcm in Resources */,
				84E2813520D730040072A8A4 /* bds_easr_wakeup_words.dat in Resources */,
				840E536020E0692900942AFE /* bkmu_3.m4a in Resources */,
				84E280D420D72F480072A8A4 /* Assets.xcassets in Resources */,
				84E2814020D730040072A8A4 /* defaultTheme.bundle in Resources */,
				840E536220E0692900942AFE /* bkmu_1.m4a in Resources */,
				840E536320E0692900942AFE /* bkmu_4.m4a in Resources */,
				84E2813820D730040072A8A4 /* vad_dnn_online.dat in Resources */,
				84E2813C20D730040072A8A4 /* darkGreen.bundle in Resources */,
				84E2815520D730040072A8A4 /* license-ios-etts-BaiduBoxDev.dat in Resources */,
				84E2813220D730040072A8A4 /* bds_easr_input_model.dat in Resources */,
				84E2814120D730040072A8A4 /* lightBlue.bundle in Resources */,
				84E2813720D730040072A8A4 /* vad.dnn_o.dat in Resources */,
				84E2813D20D730040072A8A4 /* darkOrange.bundle in Resources */,
				84E2813020D730040072A8A4 /* bds_easr_dnn_wakeup_model.dat in Resources */,
				84E2814720D730040072A8A4 /* record_fail.caf in Resources */,
				84E2813420D730040072A8A4 /* bds_easr_mfe_dnn.dat in Resources */,
				84E2814620D730040072A8A4 /* record_end.caf in Resources */,
				840E536120E0692900942AFE /* bkmu_2.m4a in Resources */,
				84E2815620D730040072A8A4 /* tmp_license.dat in Resources */,
				84E2813E20D730040072A8A4 /* darkRed.bundle in Resources */,
				84E280D220D72F480072A8A4 /* Main.storyboard in Resources */,
				84E2814220D730040072A8A4 /* lightGreen.bundle in Resources */,
				84E2813120D730040072A8A4 /* bds_easr_gramm.dat in Resources */,
				84E2815020D730040072A8A4 /* Chinese_Speech_Male.dat in Resources */,
			);
			runOnlyForDeploymentPostprocessing = 0;
		};
/* End PBXResourcesBuildPhase section */

/* Begin PBXShellScriptBuildPhase section */
		76AEE2D9B697B70AA706F6FF /* [CP] Check Pods Manifest.lock */ = {
			isa = PBXShellScriptBuildPhase;
			buildActionMask = 2147483647;
			files = (
			);
			inputPaths = (
				"${PODS_PODFILE_DIR_PATH}/Podfile.lock",
				"${PODS_ROOT}/Manifest.lock",
			);
			name = "[CP] Check Pods Manifest.lock";
			outputPaths = (
				"$(DERIVED_FILE_DIR)/Pods-yezjk-checkManifestLockResult.txt",
			);
			runOnlyForDeploymentPostprocessing = 0;
			shellPath = /bin/sh;
			shellScript = "diff \"${PODS_PODFILE_DIR_PATH}/Podfile.lock\" \"${PODS_ROOT}/Manifest.lock\" > /dev/null\nif [ $? != 0 ] ; then\n    # print error to STDERR\n    echo \"error: The sandbox is not in sync with the Podfile.lock. Run 'pod install' or update your CocoaPods installation.\" >&2\n    exit 1\nfi\n# This output is used by Xcode 'outputs' to avoid re-running this script phase.\necho \"SUCCESS\" > \"${SCRIPT_OUTPUT_FILE_0}\"\n";
			showEnvVarsInLog = 0;
		};
		B1F08E3FC30581B308358AFB /* [CP] Copy Pods Resources */ = {
			isa = PBXShellScriptBuildPhase;
			buildActionMask = 2147483647;
			files = (
			);
			inputPaths = (
				"${SRCROOT}/Pods/Target Support Files/Pods-yezjk/Pods-yezjk-resources.sh",
				"${PODS_ROOT}/AVOSCloud/AVOS/AVOSCloud/AVOSCloud_Art.inc",
				"${PODS_ROOT}/IQKeyboardManager/IQKeyboardManager/Resources/IQKeyboardManager.bundle",
				"${PODS_ROOT}/QMUIKit/QMUIKit/UIResources/QMUIResources.bundle",
				"${PODS_ROOT}/QMUIKit/QMUIKit/UIResources/QMUI_QQEmotion.bundle",
			);
			name = "[CP] Copy Pods Resources";
			outputPaths = (
				"${TARGET_BUILD_DIR}/${UNLOCALIZED_RESOURCES_FOLDER_PATH}/AVOSCloud_Art.inc",
				"${TARGET_BUILD_DIR}/${UNLOCALIZED_RESOURCES_FOLDER_PATH}/IQKeyboardManager.bundle",
				"${TARGET_BUILD_DIR}/${UNLOCALIZED_RESOURCES_FOLDER_PATH}/QMUIResources.bundle",
				"${TARGET_BUILD_DIR}/${UNLOCALIZED_RESOURCES_FOLDER_PATH}/QMUI_QQEmotion.bundle",
			);
			runOnlyForDeploymentPostprocessing = 0;
			shellPath = /bin/sh;
			shellScript = "\"${SRCROOT}/Pods/Target Support Files/Pods-yezjk/Pods-yezjk-resources.sh\"\n";
			showEnvVarsInLog = 0;
		};
/* End PBXShellScriptBuildPhase section */

/* Begin PBXSourcesBuildPhase section */
		84E280C320D72F470072A8A4 /* Sources */ = {
			isa = PBXSourcesBuildPhase;
			buildActionMask = 2147483647;
			files = (
				84E280CF20D72F480072A8A4 /* ViewController.m in Sources */,
				798B9447216F4D47002389F3 /* LUCKBottomView.m in Sources */,
				7925B766216DF80C009E6531 /* LUCKAddPicViewController.m in Sources */,
				84CCFD4E20E8D8AA00563EA6 /* MBProgressHUD+JKDSMB.m in Sources */,
				7949630920D8E87C00F90B21 /* PicViewController.m in Sources */,
				84E280DA20D72F480072A8A4 /* main.m in Sources */,
				840E535920DF9A2E00942AFE /* LUCKStoryModel.m in Sources */,
				840E242020E913AA00AF1377 /* LUCKStoryListCell.m in Sources */,
				84CCFD4920E7077600563EA6 /* LUCKStoryListViewController.m in Sources */,
				798B9444216F4D23002389F3 /* LUCKTestViewController.m in Sources */,
				8406304D21765CBC00208CF4 /* LUCKDBManager.m in Sources */,
				798B944D21704C23002389F3 /* LUCKUserzhengceViewController.m in Sources */,
				84E2817220D76E260072A8A4 /* PicModel.m in Sources */,
				7949630620D8E7F200F90B21 /* PicPageViewController.m in Sources */,
				84E280CC20D72F480072A8A4 /* AppDelegate.m in Sources */,
				84CCFD4620E2F6DF00563EA6 /* LUCKAddStoryViewController.m in Sources */,
			);
			runOnlyForDeploymentPostprocessing = 0;
		};
/* End PBXSourcesBuildPhase section */

/* Begin PBXVariantGroup section */
		84E280D020D72F480072A8A4 /* Main.storyboard */ = {
			isa = PBXVariantGroup;
			children = (
				84E280D120D72F480072A8A4 /* Base */,
			);
			name = Main.storyboard;
			sourceTree = "<group>";
		};
		84E280D520D72F480072A8A4 /* LaunchScreen.storyboard */ = {
			isa = PBXVariantGroup;
			children = (
				84E280D620D72F480072A8A4 /* Base */,
			);
			name = LaunchScreen.storyboard;
			sourceTree = "<group>";
		};
/* End PBXVariantGroup section */

/* Begin XCBuildConfiguration section */
		84E280DB20D72F480072A8A4 /* Debug */ = {
			isa = XCBuildConfiguration;
			buildSettings = {
				ALWAYS_SEARCH_USER_PATHS = NO;
				CLANG_ANALYZER_NONNULL = YES;
				CLANG_ANALYZER_NUMBER_OBJECT_CONVERSION = YES_AGGRESSIVE;
				CLANG_CXX_LANGUAGE_STANDARD = "gnu++14";
				CLANG_CXX_LIBRARY = "libc++";
				CLANG_ENABLE_MODULES = YES;
				CLANG_ENABLE_OBJC_ARC = YES;
				CLANG_WARN_BLOCK_CAPTURE_AUTORELEASING = YES;
				CLANG_WARN_BOOL_CONVERSION = YES;
				CLANG_WARN_COMMA = YES;
				CLANG_WARN_CONSTANT_CONVERSION = YES;
				CLANG_WARN_DIRECT_OBJC_ISA_USAGE = YES_ERROR;
				CLANG_WARN_DOCUMENTATION_COMMENTS = YES;
				CLANG_WARN_EMPTY_BODY = YES;
				CLANG_WARN_ENUM_CONVERSION = YES;
				CLANG_WARN_INFINITE_RECURSION = YES;
				CLANG_WARN_INT_CONVERSION = YES;
				CLANG_WARN_NON_LITERAL_NULL_CONVERSION = YES;
				CLANG_WARN_OBJC_LITERAL_CONVERSION = YES;
				CLANG_WARN_OBJC_ROOT_CLASS = YES_ERROR;
				CLANG_WARN_RANGE_LOOP_ANALYSIS = YES;
				CLANG_WARN_STRICT_PROTOTYPES = YES;
				CLANG_WARN_SUSPICIOUS_MOVE = YES;
				CLANG_WARN_UNGUARDED_AVAILABILITY = YES_AGGRESSIVE;
				CLANG_WARN_UNREACHABLE_CODE = YES;
				CLANG_WARN__DUPLICATE_METHOD_MATCH = YES;
				CODE_SIGN_IDENTITY = "iPhone Developer";
				COPY_PHASE_STRIP = NO;
				DEBUG_INFORMATION_FORMAT = dwarf;
				ENABLE_STRICT_OBJC_MSGSEND = YES;
				ENABLE_TESTABILITY = YES;
				GCC_C_LANGUAGE_STANDARD = gnu11;
				GCC_DYNAMIC_NO_PIC = NO;
				GCC_NO_COMMON_BLOCKS = YES;
				GCC_OPTIMIZATION_LEVEL = 0;
				GCC_PREPROCESSOR_DEFINITIONS = (
					"DEBUG=1",
					"$(inherited)",
				);
				GCC_WARN_64_TO_32_BIT_CONVERSION = YES;
				GCC_WARN_ABOUT_RETURN_TYPE = YES_ERROR;
				GCC_WARN_UNDECLARED_SELECTOR = YES;
				GCC_WARN_UNINITIALIZED_AUTOS = YES_AGGRESSIVE;
				GCC_WARN_UNUSED_FUNCTION = YES;
				GCC_WARN_UNUSED_VARIABLE = YES;
				IPHONEOS_DEPLOYMENT_TARGET = 11.1;
				MTL_ENABLE_DEBUG_INFO = YES;
				ONLY_ACTIVE_ARCH = YES;
				SDKROOT = iphoneos;
			};
			name = Debug;
		};
		84E280DC20D72F480072A8A4 /* Release */ = {
			isa = XCBuildConfiguration;
			buildSettings = {
				ALWAYS_SEARCH_USER_PATHS = NO;
				CLANG_ANALYZER_NONNULL = YES;
				CLANG_ANALYZER_NUMBER_OBJECT_CONVERSION = YES_AGGRESSIVE;
				CLANG_CXX_LANGUAGE_STANDARD = "gnu++14";
				CLANG_CXX_LIBRARY = "libc++";
				CLANG_ENABLE_MODULES = YES;
				CLANG_ENABLE_OBJC_ARC = YES;
				CLANG_WARN_BLOCK_CAPTURE_AUTORELEASING = YES;
				CLANG_WARN_BOOL_CONVERSION = YES;
				CLANG_WARN_COMMA = YES;
				CLANG_WARN_CONSTANT_CONVERSION = YES;
				CLANG_WARN_DIRECT_OBJC_ISA_USAGE = YES_ERROR;
				CLANG_WARN_DOCUMENTATION_COMMENTS = YES;
				CLANG_WARN_EMPTY_BODY = YES;
				CLANG_WARN_ENUM_CONVERSION = YES;
				CLANG_WARN_INFINITE_RECURSION = YES;
				CLANG_WARN_INT_CONVERSION = YES;
				CLANG_WARN_NON_LITERAL_NULL_CONVERSION = YES;
				CLANG_WARN_OBJC_LITERAL_CONVERSION = YES;
				CLANG_WARN_OBJC_ROOT_CLASS = YES_ERROR;
				CLANG_WARN_RANGE_LOOP_ANALYSIS = YES;
				CLANG_WARN_STRICT_PROTOTYPES = YES;
				CLANG_WARN_SUSPICIOUS_MOVE = YES;
				CLANG_WARN_UNGUARDED_AVAILABILITY = YES_AGGRESSIVE;
				CLANG_WARN_UNREACHABLE_CODE = YES;
				CLANG_WARN__DUPLICATE_METHOD_MATCH = YES;
				CODE_SIGN_IDENTITY = "iPhone Developer";
				COPY_PHASE_STRIP = NO;
				DEBUG_INFORMATION_FORMAT = "dwarf-with-dsym";
				ENABLE_NS_ASSERTIONS = NO;
				ENABLE_STRICT_OBJC_MSGSEND = YES;
				GCC_C_LANGUAGE_STANDARD = gnu11;
				GCC_NO_COMMON_BLOCKS = YES;
				GCC_WARN_64_TO_32_BIT_CONVERSION = YES;
				GCC_WARN_ABOUT_RETURN_TYPE = YES_ERROR;
				GCC_WARN_UNDECLARED_SELECTOR = YES;
				GCC_WARN_UNINITIALIZED_AUTOS = YES_AGGRESSIVE;
				GCC_WARN_UNUSED_FUNCTION = YES;
				GCC_WARN_UNUSED_VARIABLE = YES;
				IPHONEOS_DEPLOYMENT_TARGET = 11.1;
				MTL_ENABLE_DEBUG_INFO = NO;
				SDKROOT = iphoneos;
				VALIDATE_PRODUCT = YES;
			};
			name = Release;
		};
		84E280DE20D72F480072A8A4 /* Debug */ = {
			isa = XCBuildConfiguration;
			baseConfigurationReference = E1042C62841644B85E5A8836 /* Pods-yezjk.debug.xcconfig */;
			buildSettings = {
				ASSETCATALOG_COMPILER_APPICON_NAME = AppIcon;
				CODE_SIGN_ENTITLEMENTS = yezjk/yezjk.entitlements;
				CODE_SIGN_STYLE = Automatic;
				DEVELOPMENT_TEAM = GM6C5S4FLT;
				ENABLE_BITCODE = NO;
				FRAMEWORK_SEARCH_PATHS = (
					"$(inherited)",
					"$(PROJECT_DIR)/yezjk/lib",
					"$(PROJECT_DIR)/yezjk",
				);
				GCC_PREFIX_HEADER = yezjk/yezjk.pch;
				INFOPLIST_FILE = yezjk/Info.plist;
				IPHONEOS_DEPLOYMENT_TARGET = 9.0;
				LD_RUNPATH_SEARCH_PATHS = "$(inherited) @executable_path/Frameworks";
				LIBRARY_SEARCH_PATHS = (
					"$(inherited)",
					"$(PROJECT_DIR)/yezjk/BDSClientLib",
					"$(PROJECT_DIR)/yezjk/lib/BDSClientLib",
					"$(PROJECT_DIR)/yezjk/lib/lib",
				);
				PRODUCT_BUNDLE_IDENTIFIER = com.luck.yezjk;
				PRODUCT_NAME = "$(TARGET_NAME)";
				TARGETED_DEVICE_FAMILY = "1,2";
			};
			name = Debug;
		};
		84E280DF20D72F480072A8A4 /* Release */ = {
			isa = XCBuildConfiguration;
			baseConfigurationReference = 3853B0E28FA4E0E123D80DF6 /* Pods-yezjk.release.xcconfig */;
			buildSettings = {
				ASSETCATALOG_COMPILER_APPICON_NAME = AppIcon;
				CODE_SIGN_ENTITLEMENTS = yezjk/yezjk.entitlements;
				CODE_SIGN_STYLE = Automatic;
				DEVELOPMENT_TEAM = GM6C5S4FLT;
				ENABLE_BITCODE = NO;
				FRAMEWORK_SEARCH_PATHS = (
					"$(inherited)",
					"$(PROJECT_DIR)/yezjk/lib",
					"$(PROJECT_DIR)/yezjk",
				);
				GCC_PREFIX_HEADER = yezjk/yezjk.pch;
				INFOPLIST_FILE = yezjk/Info.plist;
				IPHONEOS_DEPLOYMENT_TARGET = 9.0;
				LD_RUNPATH_SEARCH_PATHS = "$(inherited) @executable_path/Frameworks";
				LIBRARY_SEARCH_PATHS = (
					"$(inherited)",
					"$(PROJECT_DIR)/yezjk/BDSClientLib",
					"$(PROJECT_DIR)/yezjk/lib/BDSClientLib",
					"$(PROJECT_DIR)/yezjk/lib/lib",
				);
				PRODUCT_BUNDLE_IDENTIFIER = com.luck.yezjk;
				PRODUCT_NAME = "$(TARGET_NAME)";
				TARGETED_DEVICE_FAMILY = "1,2";
			};
			name = Release;
		};
/* End XCBuildConfiguration section */

/* Begin XCConfigurationList section */
		84E280C220D72F470072A8A4 /* Build configuration list for PBXProject "yezjk" */ = {
			isa = XCConfigurationList;
			buildConfigurations = (
				84E280DB20D72F480072A8A4 /* Debug */,
				84E280DC20D72F480072A8A4 /* Release */,
			);
			defaultConfigurationIsVisible = 0;
			defaultConfigurationName = Release;
		};
		84E280DD20D72F480072A8A4 /* Build configuration list for PBXNativeTarget "yezjk" */ = {
			isa = XCConfigurationList;
			buildConfigurations = (
				84E280DE20D72F480072A8A4 /* Debug */,
				84E280DF20D72F480072A8A4 /* Release */,
			);
			defaultConfigurationIsVisible = 0;
			defaultConfigurationName = Release;
		};
/* End XCConfigurationList section */
	};
	rootObject = 84E280BF20D72F470072A8A4 /* Project object */;
}
